
Microsoft Visual Studio Solution File, Format Version 12.00
# Visual Studio Version 17
VisualStudioVersion = 17.3.32901.215
MinimumVisualStudioVersion = 10.0.40219.1
Project("{FAE04EC0-301F-11D3-BF4B-00C04F79EFBC}") = "Kinmuhyo", "Kinmuhyo.csproj", "{4438F908-CB15-4E73-9813-D54045829D8C}"
EndProject
Global
	GlobalSection(SolutionConfigurationPlatforms) = preSolution
		Debug|Any CPU = Debug|Any CPU
		Release|Any CPU = Release|Any CPU
	EndGlobalSection
	GlobalSection(ProjectConfigurationPlatforms) = postSolution
		{4438F908-CB15-4E73-9813-D54045829D8C}.Debug|Any CPU.ActiveCfg = Debug|Any CPU
		{4438F908-CB15-4E73-9813-D54045829D8C}.Debug|Any CPU.Build.0 = Debug|Any CPU
		{4438F908-CB15-4E73-9813-D54045829D8C}.Release|Any CPU.ActiveCfg = Release|Any CPU
		{4438F908-CB15-4E73-9813-D54045829D8C}.Release|Any CPU.Build.0 = Release|Any CPU
	EndGlobalSection
	GlobalSection(SolutionProperties) = preSolution
		HideSolutionNode = FALSE
	EndGlobalSection
	GlobalSection(ExtensibilityGlobals) = postSolution
		SolutionGuid = {878B865D-F8A1-4869-807D-4731B4C1B5DD}
	EndGlobalSection
EndGlobal
